
Microsoft Visual Studio Solution File, Format Version 12.00
# Visual Studio Version 16
VisualStudioVersion = 16.0.30002.166
MinimumVisualStudioVersion = 10.0.40219.1
Project("{9A19103F-16F7-4668-BE54-9A1E7A4F7556}") = "ProductivityTools.PSMasterConfiguration.Cmdlet", "src\ProductivityTools.PSMasterConfiguration.Cmdlet\ProductivityTools.PSMasterConfiguration.Cmdlet.csproj", "{694EC4A5-781A-4DC1-91F1-7A5AFA1553EA}"
EndProject
Global
	GlobalSection(SolutionConfigurationPlatforms) = preSolution
		Debug|Any CPU = Debug|Any CPU
		Release|Any CPU = Release|Any CPU
	EndGlobalSection
	GlobalSection(ProjectConfigurationPlatforms) = postSolution
		{694EC4A5-781A-4DC1-91F1-7A5AFA1553EA}.Debug|Any CPU.ActiveCfg = Debug|Any CPU
		{694EC4A5-781A-4DC1-91F1-7A5AFA1553EA}.Debug|Any CPU.Build.0 = Debug|Any CPU
		{694EC4A5-781A-4DC1-91F1-7A5AFA1553EA}.Release|Any CPU.ActiveCfg = Release|Any CPU
		{694EC4A5-781A-4DC1-91F1-7A5AFA1553EA}.Release|Any CPU.Build.0 = Release|Any CPU
	EndGlobalSection
	GlobalSection(SolutionProperties) = preSolution
		HideSolutionNode = FALSE
	EndGlobalSection
	GlobalSection(ExtensibilityGlobals) = postSolution
		SolutionGuid = {0F68DA6A-B3FD-4AAE-AD55-43ABFB769079}
	EndGlobalSection
EndGlobal
