
Microsoft Visual Studio Solution File, Format Version 12.00
# Visual Studio 15
VisualStudioVersion = 15.0.28010.2003
MinimumVisualStudioVersion = 10.0.40219.1
Project("{FAE04EC0-301F-11D3-BF4B-00C04F79EFBC}") = "ProductivityTools.PSMasterConfiguration", "..\src\ProductivityTools.PSMasterConfiguration\ProductivityTools.PSMasterConfiguration.csproj", "{694EC4A5-781A-4DC1-91F1-7A5AFA1553EA}"
EndProject
Global
	GlobalSection(SolutionConfigurationPlatforms) = preSolution
		Debug|Any CPU = Debug|Any CPU
		Release|Any CPU = Release|Any CPU
	EndGlobalSection
	GlobalSection(ProjectConfigurationPlatforms) = postSolution
		{694EC4A5-781A-4DC1-91F1-7A5AFA1553EA}.Debug|Any CPU.ActiveCfg = Debug|Any CPU
		{694EC4A5-781A-4DC1-91F1-7A5AFA1553EA}.Debug|Any CPU.Build.0 = Debug|Any CPU
		{694EC4A5-781A-4DC1-91F1-7A5AFA1553EA}.Release|Any CPU.ActiveCfg = Release|Any CPU
		{694EC4A5-781A-4DC1-91F1-7A5AFA1553EA}.Release|Any CPU.Build.0 = Release|Any CPU
	EndGlobalSection
	GlobalSection(SolutionProperties) = preSolution
		HideSolutionNode = FALSE
	EndGlobalSection
	GlobalSection(ExtensibilityGlobals) = postSolution
		SolutionGuid = {0F68DA6A-B3FD-4AAE-AD55-43ABFB769079}
	EndGlobalSection
EndGlobal
